{
  "version": 4,
  "terraform_version": "1.14.3",
  "serial": 72,
  "lineage": "cb251674-343b-81ee-e721-b900f43fcb18",
  "outputs": {
    "agent_id": {
      "value": "BBCRBSSIPW",
      "type": "string"
    },
    "kb_id": {
      "value": "GEY4CRP1FJ",
      "type": "string"
    }
  },
  "resources": [
    {
      "mode": "data",
      "type": "aws_region",
      "name": "current",
      "provider": "provider[\"registry.terraform.io/hashicorp/aws\"]",
      "instances": [
        {
          "schema_version": 0,
          "attributes": {
            "description": "US West (Oregon)",
            "endpoint": "ec2.us-west-2.amazonaws.com",
            "id": "us-west-2",
            "name": "us-west-2",
            "region": "us-west-2"
          },
          "sensitive_attributes": [],
          "identity_schema_version": 0
        }
      ]
    },
    {
      "module": "module.bedrock_agent",
      "mode": "data",
      "type": "aws_caller_identity",
      "name": "current",
      "provider": "provider[\"registry.terraform.io/hashicorp/aws\"]",
      "instances": [
        {
          "schema_version": 0,
          "attributes": {
            "account_id": "015355410250",
            "arn": "arn:aws:iam::015355410250:user/skubik_admin",
            "id": "015355410250",
            "user_id": "AIDAQHE2A65FMRRQSYXDA"
          },
          "sensitive_attributes": [],
          "identity_schema_version": 0
        }
      ]
    },
    {
      "module": "module.bedrock_agent",
      "mode": "data",
      "type": "aws_region",
      "name": "current",
      "provider": "provider[\"registry.terraform.io/hashicorp/aws\"]",
      "instances": [
        {
          "schema_version": 0,
          "attributes": {
            "description": "US West (Oregon)",
            "endpoint": "ec2.us-west-2.amazonaws.com",
            "id": "us-west-2",
            "name": "us-west-2",
            "region": "us-west-2"
          },
          "sensitive_attributes": [],
          "identity_schema_version": 0
        }
      ]
    },
    {
      "module": "module.bedrock_agent",
      "mode": "managed",
      "type": "aws_iam_role",
      "name": "agent_role",
      "provider": "provider[\"registry.terraform.io/hashicorp/aws\"]",
      "instances": [
        {
          "schema_version": 0,
          "attributes": {
            "arn": "arn:aws:iam::015355410250:role/compliance-copilot-agent-role",
            "assume_role_policy": "{\"Statement\":[{\"Action\":\"sts:AssumeRole\",\"Condition\":{\"ArnLike\":{\"aws:SourceArn\":\"arn:aws:bedrock:us-west-2:015355410250:agent/*\"},\"StringEquals\":{\"aws:SourceAccount\":\"015355410250\"}},\"Effect\":\"Allow\",\"Principal\":{\"Service\":\"bedrock.amazonaws.com\"}}],\"Version\":\"2012-10-17\"}",
            "create_date": "2025-12-27T23:18:13Z",
            "description": "",
            "force_detach_policies": false,
            "id": "compliance-copilot-agent-role",
            "inline_policy": [
              {
                "name": "compliance-copilot-agent-kb-policy",
                "policy": "{\"Version\":\"2012-10-17\",\"Statement\":[{\"Action\":[\"bedrock:Retrieve\"],\"Effect\":\"Allow\",\"Resource\":\"arn:aws:bedrock:us-west-2:015355410250:knowledge-base/GEY4CRP1FJ\"}]}"
              },
              {
                "name": "compliance-copilot-agent-model-policy",
                "policy": "{\"Version\":\"2012-10-17\",\"Statement\":[{\"Action\":[\"bedrock:InvokeModel\"],\"Effect\":\"Allow\",\"Resource\":[\"arn:aws:bedrock:us-west-2::inference-profile/*\",\"arn:aws:bedrock:us-west-2::foundation-model/*\"]}]}"
              }
            ],
            "managed_policy_arns": [],
            "max_session_duration": 3600,
            "name": "compliance-copilot-agent-role",
            "name_prefix": "",
            "path": "/",
            "permissions_boundary": "",
            "tags": {},
            "tags_all": {},
            "unique_id": "AROAQHE2A65FMH3ZRJVP6"
          },
          "sensitive_attributes": [],
          "identity_schema_version": 0,
          "identity": {
            "account_id": "015355410250",
            "name": "compliance-copilot-agent-role"
          },
          "private": "bnVsbA==",
          "dependencies": [
            "module.bedrock_agent.data.aws_caller_identity.current",
            "module.bedrock_agent.data.aws_region.current"
          ]
        }
      ]
    },
    {
      "module": "module.bedrock_agent",
      "mode": "managed",
      "type": "aws_iam_role_policy",
      "name": "agent_kb_policy",
      "provider": "provider[\"registry.terraform.io/hashicorp/aws\"]",
      "instances": [
        {
          "schema_version": 0,
          "attributes": {
            "id": "compliance-copilot-agent-role:compliance-copilot-agent-kb-policy",
            "name": "compliance-copilot-agent-kb-policy",
            "name_prefix": "",
            "policy": "{\"Version\":\"2012-10-17\",\"Statement\":[{\"Action\":[\"bedrock:Retrieve\"],\"Effect\":\"Allow\",\"Resource\":\"arn:aws:bedrock:us-west-2:015355410250:knowledge-base/GEY4CRP1FJ\"}]}",
            "role": "compliance-copilot-agent-role"
          },
          "sensitive_attributes": [],
          "identity_schema_version": 0,
          "identity": {
            "account_id": "015355410250",
            "name": "compliance-copilot-agent-kb-policy",
            "role": "compliance-copilot-agent-role"
          },
          "private": "bnVsbA==",
          "dependencies": [
            "module.bedrock_agent.aws_iam_role.agent_role",
            "module.bedrock_agent.data.aws_caller_identity.current",
            "module.bedrock_agent.data.aws_region.current"
          ]
        }
      ]
    },
    {
      "module": "module.bedrock_agent",
      "mode": "managed",
      "type": "aws_iam_role_policy",
      "name": "agent_model_policy",
      "provider": "provider[\"registry.terraform.io/hashicorp/aws\"]",
      "instances": [
        {
          "schema_version": 0,
          "attributes": {
            "id": "compliance-copilot-agent-role:compliance-copilot-agent-model-policy",
            "name": "compliance-copilot-agent-model-policy",
            "name_prefix": "",
            "policy": "{\"Version\":\"2012-10-17\",\"Statement\":[{\"Action\":[\"bedrock:InvokeModel\"],\"Effect\":\"Allow\",\"Resource\":[\"arn:aws:bedrock:us-west-2::inference-profile/*\",\"arn:aws:bedrock:us-west-2::foundation-model/*\"]}]}",
            "role": "compliance-copilot-agent-role"
          },
          "sensitive_attributes": [],
          "identity_schema_version": 0,
          "identity": {
            "account_id": "015355410250",
            "name": "compliance-copilot-agent-model-policy",
            "role": "compliance-copilot-agent-role"
          },
          "private": "bnVsbA==",
          "dependencies": [
            "module.bedrock_agent.aws_iam_role.agent_role",
            "module.bedrock_agent.data.aws_caller_identity.current",
            "module.bedrock_agent.data.aws_region.current"
          ]
        }
      ]
    },
    {
      "module": "module.bedrock_agent",
      "mode": "managed",
      "type": "null_resource",
      "name": "prepare_agent",
      "provider": "provider[\"registry.terraform.io/hashicorp/null\"]",
      "instances": [
        {
          "schema_version": 0,
          "attributes": {
            "id": "4049501754767572619",
            "triggers": {
              "agent_id": "BBCRBSSIPW",
              "kb_id": "GEY4CRP1FJ"
            }
          },
          "sensitive_attributes": [],
          "identity_schema_version": 0,
          "dependencies": [
            "module.bedrock_agent.aws_bedrockagent_agent.agent",
            "module.bedrock_agent.aws_bedrockagent_agent_knowledge_base_association.kb_assoc",
            "module.bedrock_agent.aws_iam_role.agent_role",
            "module.bedrock_agent.aws_iam_role_policy.agent_kb_policy",
            "module.bedrock_agent.aws_iam_role_policy.agent_model_policy",
            "module.bedrock_agent.data.aws_caller_identity.current",
            "module.bedrock_agent.data.aws_region.current"
          ]
        }
      ]
    },
    {
      "module": "module.bedrock_agent",
      "mode": "managed",
      "type": "null_resource",
      "name": "wait_for_alias",
      "provider": "provider[\"registry.terraform.io/hashicorp/null\"]",
      "instances": [
        {
          "schema_version": 0,
          "attributes": {
            "id": "1534997893081634595",
            "triggers": {
              "alias_id": "Z3KIZEQL4J"
            }
          },
          "sensitive_attributes": [],
          "identity_schema_version": 0,
          "dependencies": [
            "module.bedrock_agent.aws_bedrockagent_agent.agent",
            "module.bedrock_agent.aws_bedrockagent_agent_alias.agent_alias",
            "module.bedrock_agent.aws_bedrockagent_agent_knowledge_base_association.kb_assoc",
            "module.bedrock_agent.aws_iam_role.agent_role",
            "module.bedrock_agent.aws_iam_role_policy.agent_kb_policy",
            "module.bedrock_agent.aws_iam_role_policy.agent_model_policy",
            "module.bedrock_agent.data.aws_caller_identity.current",
            "module.bedrock_agent.data.aws_region.current",
            "module.bedrock_agent.null_resource.prepare_agent"
          ]
        }
      ]
    },
    {
      "module": "module.bedrock_kb",
      "mode": "data",
      "type": "aws_caller_identity",
      "name": "current",
      "provider": "provider[\"registry.terraform.io/hashicorp/aws\"]",
      "instances": [
        {
          "schema_version": 0,
          "attributes": {
            "account_id": "015355410250",
            "arn": "arn:aws:iam::015355410250:user/skubik_admin",
            "id": "015355410250",
            "user_id": "AIDAQHE2A65FMRRQSYXDA"
          },
          "sensitive_attributes": [],
          "identity_schema_version": 0
        }
      ]
    },
    {
      "module": "module.bedrock_kb",
      "mode": "data",
      "type": "aws_region",
      "name": "current",
      "provider": "provider[\"registry.terraform.io/hashicorp/aws\"]",
      "instances": [
        {
          "schema_version": 0,
          "attributes": {
            "description": "US West (Oregon)",
            "endpoint": "ec2.us-west-2.amazonaws.com",
            "id": "us-west-2",
            "name": "us-west-2",
            "region": "us-west-2"
          },
          "sensitive_attributes": [],
          "identity_schema_version": 0
        }
      ]
    },
    {
      "module": "module.bedrock_kb",
      "mode": "managed",
      "type": "aws_iam_role",
      "name": "kb_role",
      "provider": "provider[\"registry.terraform.io/hashicorp/aws\"]",
      "instances": [
        {
          "schema_version": 0,
          "attributes": {
            "arn": "arn:aws:iam::015355410250:role/compliance-copilot-kb-role",
            "assume_role_policy": "{\"Statement\":[{\"Action\":\"sts:AssumeRole\",\"Effect\":\"Allow\",\"Principal\":{\"Service\":\"bedrock.amazonaws.com\"}}],\"Version\":\"2012-10-17\"}",
            "create_date": "2025-12-27T19:12:57Z",
            "description": "",
            "force_detach_policies": false,
            "id": "compliance-copilot-kb-role",
            "inline_policy": [
              {
                "name": "compliance-copilot-kb-policy",
                "policy": "{\"Version\":\"2012-10-17\",\"Statement\":[{\"Action\":[\"s3:GetObject\",\"s3:ListBucket\"],\"Effect\":\"Allow\",\"Resource\":[\"arn:aws:s3:::compliance-copilot-kb-docs\",\"arn:aws:s3:::compliance-copilot-kb-docs/*\"]},{\"Action\":[\"s3vectors:*\",\"s3vectors:GetVectorBucket\",\"s3vectors:ListVectorIndexes\",\"s3vectors:GetIndex\",\"s3vectors:PutVector\",\"s3vectors:GetVector\",\"s3vectors:DeleteVector\",\"s3vectors:QueryVectors\"],\"Effect\":\"Allow\",\"Resource\":[\"arn:aws:s3vectors:us-west-2:015355410250:bucket/*\"]},{\"Action\":[\"bedrock:InvokeModel\"],\"Effect\":\"Allow\",\"Resource\":\"arn:aws:bedrock:us-west-2::foundation-model/amazon.titan-embed-text-v2:0\"}]}"
              }
            ],
            "managed_policy_arns": [],
            "max_session_duration": 3600,
            "name": "compliance-copilot-kb-role",
            "name_prefix": "",
            "path": "/",
            "permissions_boundary": "",
            "tags": {},
            "tags_all": {},
            "unique_id": "AROAQHE2A65FKLQZ66KUQ"
          },
          "sensitive_attributes": [],
          "identity_schema_version": 0,
          "identity": {
            "account_id": "015355410250",
            "name": "compliance-copilot-kb-role"
          },
          "private": "bnVsbA=="
        }
      ]
    },
    {
      "module": "module.bedrock_kb",
      "mode": "managed",
      "type": "aws_iam_role_policy",
      "name": "kb_policy",
      "provider": "provider[\"registry.terraform.io/hashicorp/aws\"]",
      "instances": [
        {
          "schema_version": 0,
          "attributes": {
            "id": "compliance-copilot-kb-role:compliance-copilot-kb-policy",
            "name": "compliance-copilot-kb-policy",
            "name_prefix": "",
            "policy": "{\"Version\":\"2012-10-17\",\"Statement\":[{\"Action\":[\"s3:GetObject\",\"s3:ListBucket\"],\"Effect\":\"Allow\",\"Resource\":[\"arn:aws:s3:::compliance-copilot-kb-docs\",\"arn:aws:s3:::compliance-copilot-kb-docs/*\"]},{\"Action\":[\"s3vectors:*\",\"s3vectors:GetVectorBucket\",\"s3vectors:ListVectorIndexes\",\"s3vectors:GetIndex\",\"s3vectors:PutVector\",\"s3vectors:GetVector\",\"s3vectors:DeleteVector\",\"s3vectors:QueryVectors\"],\"Effect\":\"Allow\",\"Resource\":[\"arn:aws:s3vectors:us-west-2:015355410250:bucket/*\"]},{\"Action\":[\"bedrock:InvokeModel\"],\"Effect\":\"Allow\",\"Resource\":\"arn:aws:bedrock:us-west-2::foundation-model/amazon.titan-embed-text-v2:0\"}]}",
            "role": "compliance-copilot-kb-role"
          },
          "sensitive_attributes": [],
          "identity_schema_version": 0,
          "identity": {
            "account_id": "015355410250",
            "name": "compliance-copilot-kb-policy",
            "role": "compliance-copilot-kb-role"
          },
          "private": "bnVsbA==",
          "dependencies": [
            "module.bedrock_kb.aws_iam_role.kb_role",
            "module.bedrock_kb.data.aws_caller_identity.current",
            "module.bedrock_kb.data.aws_region.current"
          ]
        }
      ]
    },
    {
      "module": "module.bedrock_kb",
      "mode": "managed",
      "type": "aws_s3_bucket",
      "name": "kb_docs",
      "provider": "provider[\"registry.terraform.io/hashicorp/aws\"]",
      "instances": [
        {
          "index_key": 0,
          "schema_version": 0,
          "attributes": {
            "acceleration_status": "",
            "acl": null,
            "arn": "arn:aws:s3:::compliance-copilot-kb-docs",
            "bucket": "compliance-copilot-kb-docs",
            "bucket_domain_name": "compliance-copilot-kb-docs.s3.amazonaws.com",
            "bucket_prefix": "",
            "bucket_region": "us-west-2",
            "bucket_regional_domain_name": "compliance-copilot-kb-docs.s3.us-west-2.amazonaws.com",
            "cors_rule": [],
            "force_destroy": false,
            "grant": [
              {
                "id": "138f0ad1cb00bc2935412a950921dcb9e96f001696f3ad5b5513d0a507d22ea9",
                "permissions": [
                  "FULL_CONTROL"
                ],
                "type": "CanonicalUser",
                "uri": ""
              }
            ],
            "hosted_zone_id": "Z3BJ6K6RIION7M",
            "id": "compliance-copilot-kb-docs",
            "lifecycle_rule": [],
            "logging": [],
            "object_lock_configuration": [],
            "object_lock_enabled": false,
            "policy": "",
            "region": "us-west-2",
            "replication_configuration": [],
            "request_payer": "BucketOwner",
            "server_side_encryption_configuration": [
              {
                "rule": [
                  {
                    "apply_server_side_encryption_by_default": [
                      {
                        "kms_master_key_id": "",
                        "sse_algorithm": "AES256"
                      }
                    ],
                    "bucket_key_enabled": false
                  }
                ]
              }
            ],
            "tags": {},
            "tags_all": {},
            "timeouts": null,
            "versioning": [
              {
                "enabled": false,
                "mfa_delete": false
              }
            ],
            "website": [],
            "website_domain": null,
            "website_endpoint": null
          },
          "sensitive_attributes": [],
          "identity_schema_version": 0,
          "identity": {
            "account_id": "015355410250",
            "bucket": "compliance-copilot-kb-docs",
            "region": "us-west-2"
          },
          "private": "eyJlMmJmYjczMC1lY2FhLTExZTYtOGY4OC0zNDM2M2JjN2M0YzAiOnsiY3JlYXRlIjoxMjAwMDAwMDAwMDAwLCJkZWxldGUiOjM2MDAwMDAwMDAwMDAsInJlYWQiOjEyMDAwMDAwMDAwMDAsInVwZGF0ZSI6MTIwMDAwMDAwMDAwMH19"
        }
      ]
    }
  ],
  "check_results": null
}
